{
   "name": "scanwatch",
   "version": "0.1.9",
   "lockfileVersion": 3,
   "requires": true,
   "packages": {
      "": {
         "name": "scanwatch",
         "version": "0.1.9",
         "license": "MIT",
         "dependencies": {
            "minimatch": "3.1.2",
            "node-watch": "^0.3.4",
            "path": "^0.4.9",
            "underscore": "^1.7.0",
            "walkdir": "0.0.7"
         },
         "bin": {
            "scanwatch": "bin/scanwatch"
         }
      },
      "node_modules/balanced-match": {
         "version": "1.0.2",
         "resolved": "https://registry.npmjs.org/balanced-match/-/balanced-match-1.0.2.tgz",
         "integrity": "sha512-3oSeUO0TMV67hN1AmbXsK4yaqU7tjiHlbxRDZOpH0KW9+CeX4bRAaX0Anxt0tx2MrpRpWwQaPwIlISEJhYU5Pw=="
      },
      "node_modules/brace-expansion": {
         "version": "1.1.12",
         "resolved": "https://registry.npmjs.org/brace-expansion/-/brace-expansion-1.1.12.tgz",
         "integrity": "sha512-9T9UjW3r0UW5c1Q7GTwllptXwhvYmEzFhzMfZ9H7FQWt+uZePjZPjBP/W1ZEyZ1twGWom5/56TF4lPcqjnDHcg==",
         "dependencies": {
            "balanced-match": "^1.0.0",
            "concat-map": "0.0.1"
         }
      },
      "node_modules/concat-map": {
         "version": "0.0.1",
         "resolved": "https://registry.npmjs.org/concat-map/-/concat-map-0.0.1.tgz",
         "integrity": "sha512-/Srv4dswyQNBfohGpz9o6Yb3Gz3SrUDqBH5rTuhGR7ahtlbYKnVxw2bCFMRljaA7EXHaXZ8wsHdodFvbkhKmqg=="
      },
      "node_modules/minimatch": {
         "version": "3.1.2",
         "resolved": "https://registry.npmjs.org/minimatch/-/minimatch-3.1.2.tgz",
         "integrity": "sha512-J7p63hRiAjw1NDEww1W7i37+ByIrOWO5XQQAzZ3VOcL0PNybwpfmV/N05zFAzwQ9USyEcX6t3UO+K5aqBQOIHw==",
         "dependencies": {
            "brace-expansion": "^1.1.7"
         },
         "engines": {
            "node": "*"
         }
      },
      "node_modules/node-watch": {
         "version": "0.3.5",
         "resolved": "https://registry.npmjs.org/node-watch/-/node-watch-0.3.5.tgz",
         "integrity": "sha512-tBZgvdY01GLzXjMS7o3BgAqHbuzKtLdFayZHVrlSJM9T4G7U1T9GzIx5yhR5KBDa+12GA1u8sogyhS+3cwV9lA=="
      },
      "node_modules/path": {
         "version": "0.4.10",
         "resolved": "https://registry.npmjs.org/path/-/path-0.4.10.tgz",
         "integrity": "sha512-OXGpluyRVdUQP5fOGYMsPQo9eba09SmxaFMpM+h61gp1Mz55vhBVJt/Q3cIxAUQ17sIJn7KSwZ2cbmwRRqS1Rw=="
      },
      "node_modules/underscore": {
         "version": "1.13.7",
         "resolved": "https://registry.npmjs.org/underscore/-/underscore-1.13.7.tgz",
         "integrity": "sha512-GMXzWtsc57XAtguZgaQViUOzs0KTkk8ojr3/xAxXLITqf/3EMwxC0inyETfDFjH/Krbhuep0HNbbjI9i/q3F3g=="
      },
      "node_modules/walkdir": {
         "version": "0.0.7",
         "resolved": "https://registry.npmjs.org/walkdir/-/walkdir-0.0.7.tgz",
         "integrity": "sha512-onj2wLVXrMWx/Ptvb1fobwLsoU/Aah+WHzcdu1iUXDKaJX12HWQsTF/41TwUBSULvNf+EjYMXoKePPt3x8FcXA==",
         "engines": {
            "node": ">=0.6.0"
         }
      }
   }
}
